# This file was autogenerated by Stack.
# You should not edit this file by hand.
# For more information, please see the documentation at:
#   https://docs.haskellstack.org/en/stable/lock_files

packages:
- completed:
    hackage: parsec-3.1.15.1@sha256:8c7a36aaadff12a38817fc3c4ff6c87e3352cffd1a58df640de7ed7a97ad8fa3,4601
    pantry-tree:
      sha256: 147ad21b8aa90273721903a6b294cc4ecd660d229d88c4e84c6275bc5d630ae6
      size: 2630
  original:
    hackage: parsec-3.1.15.1
snapshots: []
