# This file was autogenerated by Stack.
# You should not edit this file by hand.
# For more information, please see the documentation at:
#   https://docs.haskellstack.org/en/stable/lock_files

packages:
- completed:
    hackage: parsec-3.1.15.1@sha256:8c7a36aaadff12a38817fc3c4ff6c87e3352cffd1a58df640de7ed7a97ad8fa3,4601
    pantry-tree:
      sha256: 147ad21b8aa90273721903a6b294cc4ecd660d229d88c4e84c6275bc5d630ae6
      size: 2630
  original:
    hackage: parsec-3.1.15.1
- completed:
    hackage: vector-0.12.3.1@sha256:fffbd00912d69ed7be9bc7eeb09f4f475e0d243ec43f916a9fd5bbd219ce7f3e,8238
    pantry-tree:
      sha256: 0537bb4fc4d6aba4ba970cf4aa82feda0227441a6b60ceb4a5b5c8618837f248
      size: 3842
  original:
    hackage: vector-0.12.3.1
- completed:
    hackage: primitive-0.7.4.0@sha256:89b88a3e08493b7727fa4089b0692bfbdf7e1e666ef54635f458644eb8358764,2857
    pantry-tree:
      sha256: 71a850c658b70e869da19f61615d87d9d6ecec597f0e3d4b498da56559114829
      size: 1655
  original:
    hackage: primitive-0.7.4.0
snapshots: []
